# THIS IS AN AUTOGENERATED FILE. DO NOT EDIT THIS FILE DIRECTLY.
# yarn lockfile v1


readline-sync@^1.4.10:
  version "1.4.10"
  resolved "https://registry.yarnpkg.com/readline-sync/-/readline-sync-1.4.10.tgz#41df7fbb4b6312d673011594145705bf56d8873b"
  integrity sha512-gNva8/6UAe8QYepIQH/jQ2qn91Qj0B9sYjMBBs3QOB8F2CXcKgLxQaJRP76sWVRQt+QU+8fAkCbCvjjMFu7Ycw==

twitter-api-v2@^1.11.0:
  version "1.11.0"
  resolved "https://registry.yarnpkg.com/twitter-api-v2/-/twitter-api-v2-1.11.0.tgz#babf2ade5644af627501482e449af51ba96f6192"
  integrity sha512-aCIHKtzhQdKp5fYXCHY6HCfkNc9QAhbJ+zIPGzPCbx8/2UnfmNGIVt9eZqsJP5kj96p9BfXMXsTVhn4nvFsBNA==
